
Microsoft Visual Studio Solution File, Format Version 12.00
# Visual Studio Version 17
VisualStudioVersion = 17.4.33213.308
MinimumVisualStudioVersion = 10.0.40219.1
Project("{FAE04EC0-301F-11D3-BF4B-00C04F79EFBC}") = "ChallengeApp", "ChallengeApp\ChallengeApp.csproj", "{D269E622-105D-41BA-89E1-6EFC65F14C75}"
EndProject
Global
	GlobalSection(SolutionConfigurationPlatforms) = preSolution
		Debug|Any CPU = Debug|Any CPU
		Release|Any CPU = Release|Any CPU
	EndGlobalSection
	GlobalSection(ProjectConfigurationPlatforms) = postSolution
		{D269E622-105D-41BA-89E1-6EFC65F14C75}.Debug|Any CPU.ActiveCfg = Debug|Any CPU
		{D269E622-105D-41BA-89E1-6EFC65F14C75}.Debug|Any CPU.Build.0 = Debug|Any CPU
		{D269E622-105D-41BA-89E1-6EFC65F14C75}.Release|Any CPU.ActiveCfg = Release|Any CPU
		{D269E622-105D-41BA-89E1-6EFC65F14C75}.Release|Any CPU.Build.0 = Release|Any CPU
	EndGlobalSection
	GlobalSection(SolutionProperties) = preSolution
		HideSolutionNode = FALSE
	EndGlobalSection
	GlobalSection(ExtensibilityGlobals) = postSolution
		SolutionGuid = {B54C67DC-5653-42BE-83FB-8DFE45A4D2A2}
	EndGlobalSection
EndGlobal
